
Microsoft Visual Studio Solution File, Format Version 12.00
Project("{FAE04EC0-301F-11D3-BF4B-00C04F79EFBC}") = "QuestPDF.ExampleInvoice", "QuestPDF.ExampleInvoice.csproj", "{E68A761F-C9FA-4C21-AB41-D3CF88520896}"
EndProject
Global
	GlobalSection(SolutionConfigurationPlatforms) = preSolution
		Debug|Any CPU = Debug|Any CPU
		Release|Any CPU = Release|Any CPU
	EndGlobalSection
	GlobalSection(ProjectConfigurationPlatforms) = postSolution
		{E68A761F-C9FA-4C21-AB41-D3CF88520896}.Debug|Any CPU.ActiveCfg = Debug|Any CPU
		{E68A761F-C9FA-4C21-AB41-D3CF88520896}.Debug|Any CPU.Build.0 = Debug|Any CPU
		{E68A761F-C9FA-4C21-AB41-D3CF88520896}.Release|Any CPU.ActiveCfg = Release|Any CPU
		{E68A761F-C9FA-4C21-AB41-D3CF88520896}.Release|Any CPU.Build.0 = Release|Any CPU
	EndGlobalSection
EndGlobal
